
Microsoft Visual Studio Solution File, Format Version 12.00
# Visual Studio Version 17
VisualStudioVersion = 17.13.35806.99 d17.13
MinimumVisualStudioVersion = 10.0.40219.1
Project("{2150E333-8FDC-42A3-9474-1A3956D46DE8}") = "Task0", "Task0", "{02EA681E-C7D8-13C7-8484-4AC65E1B71E8}"
EndProject
Project("{FAE04EC0-301F-11D3-BF4B-00C04F79EFBC}") = "Tyuiu.AntonovVV.Sprint3.Task0.V25", "Tyuiu.AntonovVV.Sprint3.Task0.V25\Tyuiu.AntonovVV.Sprint3.Task0.V25.csproj", "{BD1EA70B-23FA-4661-AB7B-8E09B374F504}"
EndProject
Project("{FAE04EC0-301F-11D3-BF4B-00C04F79EFBC}") = "Tyuiu.AntonovVV.Sprint3.Task0.V25.Lib", "Tyuiu.AntonovVV.Sprint3.Task0.V25.Lib\Tyuiu.AntonovVV.Sprint3.Task0.V25.Lib.csproj", "{1890A188-AC63-4EEC-9FEA-DDFC712F9027}"
EndProject
Project("{FAE04EC0-301F-11D3-BF4B-00C04F79EFBC}") = "Tyuiu.AntonovVV.Sprint3.Task0.V25.Test", "Tyuiu.AntonovVV.Sprint3.Task0.V25.Test\Tyuiu.AntonovVV.Sprint3.Task0.V25.Test.csproj", "{C073010E-B4F2-4B12-91B1-E435C7C4A3D5}"
EndProject
Project("{2150E333-8FDC-42A3-9474-1A3956D46DE8}") = "Task1", "Task1", "{45084F4B-7B0D-4534-80C7-E57DE0559006}"
EndProject
Project("{FAE04EC0-301F-11D3-BF4B-00C04F79EFBC}") = "Tyuiu.AntonovVV.Sprint3.Task1.V5", "Tyuiu.AntonovVV.Sprint3.Task1.V5\Tyuiu.AntonovVV.Sprint3.Task1.V5.csproj", "{B055E26D-7525-48A2-A20E-DC138920F9E5}"
EndProject
Project("{FAE04EC0-301F-11D3-BF4B-00C04F79EFBC}") = "Tyuiu.AntonovVV.Sprint3.Task1.V5.Lib", "Tyuiu.AntonovVV.Sprint3.Task1.V5.Lib\Tyuiu.AntonovVV.Sprint3.Task1.V5.Lib.csproj", "{DA77D347-37C2-4DD7-9A35-1D8264ED99EA}"
EndProject
Project("{FAE04EC0-301F-11D3-BF4B-00C04F79EFBC}") = "Tyuiu.AntonovVV.Sprint3.Task1.V5.Test", "Tyuiu.AntonovVV.Sprint3.Task1.V5.Test\Tyuiu.AntonovVV.Sprint3.Task1.V5.Test.csproj", "{27EBD9B6-DADB-469F-880B-C004F1627075}"
EndProject
Project("{2150E333-8FDC-42A3-9474-1A3956D46DE8}") = "Task2", "Task2", "{C4ABAF05-569B-4D3B-ABCB-A43CD17428EB}"
EndProject
Project("{FAE04EC0-301F-11D3-BF4B-00C04F79EFBC}") = "Tyuiu.AntonovVV.Sprint3.Task2.V14.Lib", "Tyuiu.AntonovVV.Sprint3.Task2.V14.Lib\Tyuiu.AntonovVV.Sprint3.Task2.V14.Lib.csproj", "{752D1905-A1AC-4E42-A823-6B8BCBA6E983}"
EndProject
Project("{FAE04EC0-301F-11D3-BF4B-00C04F79EFBC}") = "Tyuiu.AntonovVV.Sprint3.Task2.V14", "Tyuiu.AntonovVV.Sprint3.Task2.V14\Tyuiu.AntonovVV.Sprint3.Task2.V14.csproj", "{18D73938-7453-4424-90CF-CB174EADF500}"
EndProject
Project("{FAE04EC0-301F-11D3-BF4B-00C04F79EFBC}") = "Tyuiu.AntonovVV.Sprint3.Task2.V14.Test", "Tyuiu.AntonovVV.Sprint3.Task2.V14.Test\Tyuiu.AntonovVV.Sprint3.Task2.V14.Test.csproj", "{CEFC09B8-D770-4D45-A32A-5AFBF03F9216}"
EndProject
Project("{2150E333-8FDC-42A3-9474-1A3956D46DE8}") = "Task3", "Task3", "{A7FE6511-53FE-4565-A443-0A09DE2751D9}"
EndProject
Project("{FAE04EC0-301F-11D3-BF4B-00C04F79EFBC}") = "Tyuiu.AntonovVV.Sprint3.Task3.V10", "Tyuiu.AntonovVV.Sprint3.Task3.V10\Tyuiu.AntonovVV.Sprint3.Task3.V10.csproj", "{21638880-2F5A-4FE9-9E65-342C1AD97D92}"
EndProject
Project("{FAE04EC0-301F-11D3-BF4B-00C04F79EFBC}") = "Tyuiu.AntonovVV.Sprint3.Task3.V10.Lib", "Tyuiu.AntonovVV.Sprint3.Task3.V10.Lib\Tyuiu.AntonovVV.Sprint3.Task3.V10.Lib.csproj", "{CF6A912F-F05A-4B9F-A4D0-369F3D8F22D7}"
EndProject
Project("{FAE04EC0-301F-11D3-BF4B-00C04F79EFBC}") = "Tyuiu.AntonovVV.Sprint3.Task3.V10.Test", "Tyuiu.AntonovVV.Sprint3.Task3.V10.Test\Tyuiu.AntonovVV.Sprint3.Task3.V10.Test.csproj", "{A1016EEE-2074-4715-BC8C-CF1EF01E0233}"
EndProject
Global
	GlobalSection(SolutionConfigurationPlatforms) = preSolution
		Debug|Any CPU = Debug|Any CPU
		Release|Any CPU = Release|Any CPU
	EndGlobalSection
	GlobalSection(ProjectConfigurationPlatforms) = postSolution
		{BD1EA70B-23FA-4661-AB7B-8E09B374F504}.Debug|Any CPU.ActiveCfg = Debug|Any CPU
		{BD1EA70B-23FA-4661-AB7B-8E09B374F504}.Debug|Any CPU.Build.0 = Debug|Any CPU
		{BD1EA70B-23FA-4661-AB7B-8E09B374F504}.Release|Any CPU.ActiveCfg = Release|Any CPU
		{BD1EA70B-23FA-4661-AB7B-8E09B374F504}.Release|Any CPU.Build.0 = Release|Any CPU
		{1890A188-AC63-4EEC-9FEA-DDFC712F9027}.Debug|Any CPU.ActiveCfg = Debug|Any CPU
		{1890A188-AC63-4EEC-9FEA-DDFC712F9027}.Debug|Any CPU.Build.0 = Debug|Any CPU
		{1890A188-AC63-4EEC-9FEA-DDFC712F9027}.Release|Any CPU.ActiveCfg = Release|Any CPU
		{1890A188-AC63-4EEC-9FEA-DDFC712F9027}.Release|Any CPU.Build.0 = Release|Any CPU
		{C073010E-B4F2-4B12-91B1-E435C7C4A3D5}.Debug|Any CPU.ActiveCfg = Debug|Any CPU
		{C073010E-B4F2-4B12-91B1-E435C7C4A3D5}.Debug|Any CPU.Build.0 = Debug|Any CPU
		{C073010E-B4F2-4B12-91B1-E435C7C4A3D5}.Release|Any CPU.ActiveCfg = Release|Any CPU
		{C073010E-B4F2-4B12-91B1-E435C7C4A3D5}.Release|Any CPU.Build.0 = Release|Any CPU
		{B055E26D-7525-48A2-A20E-DC138920F9E5}.Debug|Any CPU.ActiveCfg = Debug|Any CPU
		{B055E26D-7525-48A2-A20E-DC138920F9E5}.Debug|Any CPU.Build.0 = Debug|Any CPU
		{B055E26D-7525-48A2-A20E-DC138920F9E5}.Release|Any CPU.ActiveCfg = Release|Any CPU
		{B055E26D-7525-48A2-A20E-DC138920F9E5}.Release|Any CPU.Build.0 = Release|Any CPU
		{DA77D347-37C2-4DD7-9A35-1D8264ED99EA}.Debug|Any CPU.ActiveCfg = Debug|Any CPU
		{DA77D347-37C2-4DD7-9A35-1D8264ED99EA}.Debug|Any CPU.Build.0 = Debug|Any CPU
		{DA77D347-37C2-4DD7-9A35-1D8264ED99EA}.Release|Any CPU.ActiveCfg = Release|Any CPU
		{DA77D347-37C2-4DD7-9A35-1D8264ED99EA}.Release|Any CPU.Build.0 = Release|Any CPU
		{27EBD9B6-DADB-469F-880B-C004F1627075}.Debug|Any CPU.ActiveCfg = Debug|Any CPU
		{27EBD9B6-DADB-469F-880B-C004F1627075}.Debug|Any CPU.Build.0 = Debug|Any CPU
		{27EBD9B6-DADB-469F-880B-C004F1627075}.Release|Any CPU.ActiveCfg = Release|Any CPU
		{27EBD9B6-DADB-469F-880B-C004F1627075}.Release|Any CPU.Build.0 = Release|Any CPU
		{752D1905-A1AC-4E42-A823-6B8BCBA6E983}.Debug|Any CPU.ActiveCfg = Debug|Any CPU
		{752D1905-A1AC-4E42-A823-6B8BCBA6E983}.Debug|Any CPU.Build.0 = Debug|Any CPU
		{752D1905-A1AC-4E42-A823-6B8BCBA6E983}.Release|Any CPU.ActiveCfg = Release|Any CPU
		{752D1905-A1AC-4E42-A823-6B8BCBA6E983}.Release|Any CPU.Build.0 = Release|Any CPU
		{18D73938-7453-4424-90CF-CB174EADF500}.Debug|Any CPU.ActiveCfg = Debug|Any CPU
		{18D73938-7453-4424-90CF-CB174EADF500}.Debug|Any CPU.Build.0 = Debug|Any CPU
		{18D73938-7453-4424-90CF-CB174EADF500}.Release|Any CPU.ActiveCfg = Release|Any CPU
		{18D73938-7453-4424-90CF-CB174EADF500}.Release|Any CPU.Build.0 = Release|Any CPU
		{CEFC09B8-D770-4D45-A32A-5AFBF03F9216}.Debug|Any CPU.ActiveCfg = Debug|Any CPU
		{CEFC09B8-D770-4D45-A32A-5AFBF03F9216}.Debug|Any CPU.Build.0 = Debug|Any CPU
		{CEFC09B8-D770-4D45-A32A-5AFBF03F9216}.Release|Any CPU.ActiveCfg = Release|Any CPU
		{CEFC09B8-D770-4D45-A32A-5AFBF03F9216}.Release|Any CPU.Build.0 = Release|Any CPU
		{21638880-2F5A-4FE9-9E65-342C1AD97D92}.Debug|Any CPU.ActiveCfg = Debug|Any CPU
		{21638880-2F5A-4FE9-9E65-342C1AD97D92}.Debug|Any CPU.Build.0 = Debug|Any CPU
		{21638880-2F5A-4FE9-9E65-342C1AD97D92}.Release|Any CPU.ActiveCfg = Release|Any CPU
		{21638880-2F5A-4FE9-9E65-342C1AD97D92}.Release|Any CPU.Build.0 = Release|Any CPU
		{CF6A912F-F05A-4B9F-A4D0-369F3D8F22D7}.Debug|Any CPU.ActiveCfg = Debug|Any CPU
		{CF6A912F-F05A-4B9F-A4D0-369F3D8F22D7}.Debug|Any CPU.Build.0 = Debug|Any CPU
		{CF6A912F-F05A-4B9F-A4D0-369F3D8F22D7}.Release|Any CPU.ActiveCfg = Release|Any CPU
		{CF6A912F-F05A-4B9F-A4D0-369F3D8F22D7}.Release|Any CPU.Build.0 = Release|Any CPU
		{A1016EEE-2074-4715-BC8C-CF1EF01E0233}.Debug|Any CPU.ActiveCfg = Debug|Any CPU
		{A1016EEE-2074-4715-BC8C-CF1EF01E0233}.Debug|Any CPU.Build.0 = Debug|Any CPU
		{A1016EEE-2074-4715-BC8C-CF1EF01E0233}.Release|Any CPU.ActiveCfg = Release|Any CPU
		{A1016EEE-2074-4715-BC8C-CF1EF01E0233}.Release|Any CPU.Build.0 = Release|Any CPU
	EndGlobalSection
	GlobalSection(SolutionProperties) = preSolution
		HideSolutionNode = FALSE
	EndGlobalSection
	GlobalSection(NestedProjects) = preSolution
		{BD1EA70B-23FA-4661-AB7B-8E09B374F504} = {02EA681E-C7D8-13C7-8484-4AC65E1B71E8}
		{1890A188-AC63-4EEC-9FEA-DDFC712F9027} = {02EA681E-C7D8-13C7-8484-4AC65E1B71E8}
		{C073010E-B4F2-4B12-91B1-E435C7C4A3D5} = {02EA681E-C7D8-13C7-8484-4AC65E1B71E8}
		{B055E26D-7525-48A2-A20E-DC138920F9E5} = {45084F4B-7B0D-4534-80C7-E57DE0559006}
		{DA77D347-37C2-4DD7-9A35-1D8264ED99EA} = {45084F4B-7B0D-4534-80C7-E57DE0559006}
		{27EBD9B6-DADB-469F-880B-C004F1627075} = {45084F4B-7B0D-4534-80C7-E57DE0559006}
		{752D1905-A1AC-4E42-A823-6B8BCBA6E983} = {C4ABAF05-569B-4D3B-ABCB-A43CD17428EB}
		{18D73938-7453-4424-90CF-CB174EADF500} = {C4ABAF05-569B-4D3B-ABCB-A43CD17428EB}
		{CEFC09B8-D770-4D45-A32A-5AFBF03F9216} = {C4ABAF05-569B-4D3B-ABCB-A43CD17428EB}
		{21638880-2F5A-4FE9-9E65-342C1AD97D92} = {A7FE6511-53FE-4565-A443-0A09DE2751D9}
		{CF6A912F-F05A-4B9F-A4D0-369F3D8F22D7} = {A7FE6511-53FE-4565-A443-0A09DE2751D9}
		{A1016EEE-2074-4715-BC8C-CF1EF01E0233} = {A7FE6511-53FE-4565-A443-0A09DE2751D9}
	EndGlobalSection
	GlobalSection(ExtensibilityGlobals) = postSolution
		SolutionGuid = {13989898-B0FB-415D-9905-A0ECDD4BA654}
	EndGlobalSection
EndGlobal
